// !$*UTF8*$!
{
	archiveVersion = 1;
	classes = {
	};
	objectVersion = 56;
	objects = {

/* Begin PBXBuildFile section */
		5C53361D2B8EA36200B335C1 /* RowView.swift in Sources */ = {isa = PBXBuildFile; fileRef = 5C53361C2B8EA36200B335C1 /* RowView.swift */; };
		5C5336212B90431400B335C1 /* Game.swift in Sources */ = {isa = PBXBuildFile; fileRef = 5C5336202B90431400B335C1 /* Game.swift */; };
		5C5336232B90F3F500B335C1 /* GameView.swift in Sources */ = {isa = PBXBuildFile; fileRef = 5C5336222B90F3F500B335C1 /* GameView.swift */; };
		5C5336252B91175000B335C1 /* StrikesRow.swift in Sources */ = {isa = PBXBuildFile; fileRef = 5C5336242B91175000B335C1 /* StrikesRow.swift */; };
		5C5336272B91191A00B335C1 /* StrikesRowView.swift in Sources */ = {isa = PBXBuildFile; fileRef = 5C5336262B91191A00B335C1 /* StrikesRowView.swift */; };
		5C53362A2B91413C00B335C1 /* Pow in Frameworks */ = {isa = PBXBuildFile; productRef = 5C5336292B91413C00B335C1 /* Pow */; };
		5C8B69332BB4BC1500DCAED3 /* ComposableArchitecture in Frameworks */ = {isa = PBXBuildFile; productRef = 5C8B69322BB4BC1500DCAED3 /* ComposableArchitecture */; };
		5C8B69352BBDD8C200DCAED3 /* UserDefaultsDependency.swift in Sources */ = {isa = PBXBuildFile; fileRef = 5C8B69342BBDD8C200DCAED3 /* UserDefaultsDependency.swift */; };
		5C8B69372BBDD94300DCAED3 /* UserDefaults+Specializations.swift in Sources */ = {isa = PBXBuildFile; fileRef = 5C8B69362BBDD94300DCAED3 /* UserDefaults+Specializations.swift */; };
		5CE234132B8D4E9300F6D80E /* QuixxiApp.swift in Sources */ = {isa = PBXBuildFile; fileRef = 5CE234122B8D4E9300F6D80E /* QuixxiApp.swift */; };
		5CE234192B8D4E9500F6D80E /* Assets.xcassets in Resources */ = {isa = PBXBuildFile; fileRef = 5CE234182B8D4E9500F6D80E /* Assets.xcassets */; };
		5CE2341D2B8D4E9500F6D80E /* Preview Assets.xcassets in Resources */ = {isa = PBXBuildFile; fileRef = 5CE2341C2B8D4E9500F6D80E /* Preview Assets.xcassets */; };
		5CE234242B8D4F3B00F6D80E /* Row.swift in Sources */ = {isa = PBXBuildFile; fileRef = 5CE234232B8D4F3B00F6D80E /* Row.swift */; };
		5CE234292B8D557D00F6D80E /* Box.swift in Sources */ = {isa = PBXBuildFile; fileRef = 5CE234282B8D557D00F6D80E /* Box.swift */; };
/* End PBXBuildFile section */

/* Begin PBXFileReference section */
		5C53361C2B8EA36200B335C1 /* RowView.swift */ = {isa = PBXFileReference; lastKnownFileType = sourcecode.swift; path = RowView.swift; sourceTree = "<group>"; };
		5C5336202B90431400B335C1 /* Game.swift */ = {isa = PBXFileReference; lastKnownFileType = sourcecode.swift; path = Game.swift; sourceTree = "<group>"; };
		5C5336222B90F3F500B335C1 /* GameView.swift */ = {isa = PBXFileReference; lastKnownFileType = sourcecode.swift; path = GameView.swift; sourceTree = "<group>"; };
		5C5336242B91175000B335C1 /* StrikesRow.swift */ = {isa = PBXFileReference; lastKnownFileType = sourcecode.swift; path = StrikesRow.swift; sourceTree = "<group>"; };
		5C5336262B91191A00B335C1 /* StrikesRowView.swift */ = {isa = PBXFileReference; lastKnownFileType = sourcecode.swift; path = StrikesRowView.swift; sourceTree = "<group>"; };
		5C53362B2B914A2100B335C1 /* Info.plist */ = {isa = PBXFileReference; lastKnownFileType = text.plist; path = Info.plist; sourceTree = "<group>"; };
		5C8B69342BBDD8C200DCAED3 /* UserDefaultsDependency.swift */ = {isa = PBXFileReference; lastKnownFileType = sourcecode.swift; path = UserDefaultsDependency.swift; sourceTree = "<group>"; };
		5C8B69362BBDD94300DCAED3 /* UserDefaults+Specializations.swift */ = {isa = PBXFileReference; lastKnownFileType = sourcecode.swift; path = "UserDefaults+Specializations.swift"; sourceTree = "<group>"; };
		5C8B69382BBDD9C700DCAED3 /* AnyCancellableTask.swift */ = {isa = PBXFileReference; lastKnownFileType = sourcecode.swift; path = AnyCancellableTask.swift; sourceTree = "<group>"; };
		5C8B69392BBDD9C700DCAED3 /* AsyncStream+Additions.swift */ = {isa = PBXFileReference; lastKnownFileType = sourcecode.swift; path = "AsyncStream+Additions.swift"; sourceTree = "<group>"; };
		5C8B693A2BBDD9C700DCAED3 /* AsyncThrowingStream+Additions.swift */ = {isa = PBXFileReference; lastKnownFileType = sourcecode.swift; path = "AsyncThrowingStream+Additions.swift"; sourceTree = "<group>"; };
		5C8B693B2BBDD9C700DCAED3 /* BroadcastableAsyncSequence.swift */ = {isa = PBXFileReference; lastKnownFileType = sourcecode.swift; path = BroadcastableAsyncSequence.swift; sourceTree = "<group>"; };
		5C8B693D2BBDD9C700DCAED3 /* IncrementingDateGenerator.swift */ = {isa = PBXFileReference; lastKnownFileType = sourcecode.swift; path = IncrementingDateGenerator.swift; sourceTree = "<group>"; };
		5C8B693E2BBDD9C700DCAED3 /* TickingDateGenerator.swift */ = {isa = PBXFileReference; lastKnownFileType = sourcecode.swift; path = TickingDateGenerator.swift; sourceTree = "<group>"; };
		5C8B69402BBDD9C700DCAED3 /* AsyncSharedSubject.swift */ = {isa = PBXFileReference; lastKnownFileType = sourcecode.swift; path = AsyncSharedSubject.swift; sourceTree = "<group>"; };
		5C8B69422BBDD9C700DCAED3 /* RuntimeWarnings.swift */ = {isa = PBXFileReference; lastKnownFileType = sourcecode.swift; path = RuntimeWarnings.swift; sourceTree = "<group>"; };
		5C8B69442BBDD9C700DCAED3 /* RandomNumberGenerator+Addtions.swift */ = {isa = PBXFileReference; lastKnownFileType = sourcecode.swift; path = "RandomNumberGenerator+Addtions.swift"; sourceTree = "<group>"; };
		5C8B69452BBDD9C700DCAED3 /* SecureRandomNumberGenerator.swift */ = {isa = PBXFileReference; lastKnownFileType = sourcecode.swift; path = SecureRandomNumberGenerator.swift; sourceTree = "<group>"; };
		5C8B69472BBDD9C700DCAED3 /* WithTimeout.swift */ = {isa = PBXFileReference; lastKnownFileType = sourcecode.swift; path = WithTimeout.swift; sourceTree = "<group>"; };
		5C8B69492BBDD9C700DCAED3 /* Proxies.swift */ = {isa = PBXFileReference; lastKnownFileType = sourcecode.swift; path = Proxies.swift; sourceTree = "<group>"; };
		5C8B694A2BBDD9C700DCAED3 /* Proxies+Unimplemented.swift */ = {isa = PBXFileReference; lastKnownFileType = sourcecode.swift; path = "Proxies+Unimplemented.swift"; sourceTree = "<group>"; };
		5CE2340F2B8D4E9300F6D80E /* Quixxi.app */ = {isa = PBXFileReference; explicitFileType = wrapper.application; includeInIndex = 0; path = Quixxi.app; sourceTree = BUILT_PRODUCTS_DIR; };
		5CE234122B8D4E9300F6D80E /* QuixxiApp.swift */ = {isa = PBXFileReference; lastKnownFileType = sourcecode.swift; path = QuixxiApp.swift; sourceTree = "<group>"; };
		5CE234182B8D4E9500F6D80E /* Assets.xcassets */ = {isa = PBXFileReference; lastKnownFileType = folder.assetcatalog; path = Assets.xcassets; sourceTree = "<group>"; };
		5CE2341A2B8D4E9500F6D80E /* Quixxi.entitlements */ = {isa = PBXFileReference; lastKnownFileType = text.plist.entitlements; path = Quixxi.entitlements; sourceTree = "<group>"; };
		5CE2341C2B8D4E9500F6D80E /* Preview Assets.xcassets */ = {isa = PBXFileReference; lastKnownFileType = folder.assetcatalog; path = "Preview Assets.xcassets"; sourceTree = "<group>"; };
		5CE234232B8D4F3B00F6D80E /* Row.swift */ = {isa = PBXFileReference; lastKnownFileType = sourcecode.swift; path = Row.swift; sourceTree = "<group>"; };
		5CE234282B8D557D00F6D80E /* Box.swift */ = {isa = PBXFileReference; lastKnownFileType = sourcecode.swift; path = Box.swift; sourceTree = "<group>"; };
/* End PBXFileReference section */

/* Begin PBXFrameworksBuildPhase section */
		5CE2340C2B8D4E9300F6D80E /* Frameworks */ = {
			isa = PBXFrameworksBuildPhase;
			buildActionMask = 2147483647;
			files = (
				5C8B69332BB4BC1500DCAED3 /* ComposableArchitecture in Frameworks */,
				5C53362A2B91413C00B335C1 /* Pow in Frameworks */,
			);
			runOnlyForDeploymentPostprocessing = 0;
		};
/* End PBXFrameworksBuildPhase section */

/* Begin PBXGroup section */
		5C8B693C2BBDD9C700DCAED3 /* ConcurrencySupport */ = {
			isa = PBXGroup;
			children = (
				5C8B69382BBDD9C700DCAED3 /* AnyCancellableTask.swift */,
				5C8B69392BBDD9C700DCAED3 /* AsyncStream+Additions.swift */,
				5C8B693A2BBDD9C700DCAED3 /* AsyncThrowingStream+Additions.swift */,
				5C8B693B2BBDD9C700DCAED3 /* BroadcastableAsyncSequence.swift */,
			);
			path = ConcurrencySupport;
			sourceTree = "<group>";
		};
		5C8B693F2BBDD9C700DCAED3 /* DateGenerator */ = {
			isa = PBXGroup;
			children = (
				5C8B693D2BBDD9C700DCAED3 /* IncrementingDateGenerator.swift */,
				5C8B693E2BBDD9C700DCAED3 /* TickingDateGenerator.swift */,
			);
			path = DateGenerator;
			sourceTree = "<group>";
		};
		5C8B69432BBDD9C700DCAED3 /* Internal */ = {
			isa = PBXGroup;
			children = (
				5C8B69402BBDD9C700DCAED3 /* AsyncSharedSubject.swift */,
				5C8B69422BBDD9C700DCAED3 /* RuntimeWarnings.swift */,
			);
			path = Internal;
			sourceTree = "<group>";
		};
		5C8B69462BBDD9C700DCAED3 /* RandomNumberGenerator */ = {
			isa = PBXGroup;
			children = (
				5C8B69442BBDD9C700DCAED3 /* RandomNumberGenerator+Addtions.swift */,
				5C8B69452BBDD9C700DCAED3 /* SecureRandomNumberGenerator.swift */,
			);
			path = RandomNumberGenerator;
			sourceTree = "<group>";
		};
		5C8B69482BBDD9C700DCAED3 /* TestSupport */ = {
			isa = PBXGroup;
			children = (
				5C8B69472BBDD9C700DCAED3 /* WithTimeout.swift */,
			);
			path = TestSupport;
			sourceTree = "<group>";
		};
		5C8B694B2BBDD9C700DCAED3 /* DependenciesAdditionsBasics */ = {
			isa = PBXGroup;
			children = (
				5C8B693C2BBDD9C700DCAED3 /* ConcurrencySupport */,
				5C8B693F2BBDD9C700DCAED3 /* DateGenerator */,
				5C8B69432BBDD9C700DCAED3 /* Internal */,
				5C8B69462BBDD9C700DCAED3 /* RandomNumberGenerator */,
				5C8B69482BBDD9C700DCAED3 /* TestSupport */,
				5C8B69492BBDD9C700DCAED3 /* Proxies.swift */,
				5C8B694A2BBDD9C700DCAED3 /* Proxies+Unimplemented.swift */,
			);
			path = DependenciesAdditionsBasics;
			sourceTree = "<group>";
		};
		5CE234062B8D4E9300F6D80E = {
			isa = PBXGroup;
			children = (
				5CE234112B8D4E9300F6D80E /* Quixxi */,
				5CE234102B8D4E9300F6D80E /* Products */,
			);
			sourceTree = "<group>";
		};
		5CE234102B8D4E9300F6D80E /* Products */ = {
			isa = PBXGroup;
			children = (
				5CE2340F2B8D4E9300F6D80E /* Quixxi.app */,
			);
			name = Products;
			sourceTree = "<group>";
		};
		5CE234112B8D4E9300F6D80E /* Quixxi */ = {
			isa = PBXGroup;
			children = (
				5C53362B2B914A2100B335C1 /* Info.plist */,
				5CE234122B8D4E9300F6D80E /* QuixxiApp.swift */,
				5C8B694B2BBDD9C700DCAED3 /* DependenciesAdditionsBasics */,
				5C8B69342BBDD8C200DCAED3 /* UserDefaultsDependency.swift */,
				5C8B69362BBDD94300DCAED3 /* UserDefaults+Specializations.swift */,
				5C5336222B90F3F500B335C1 /* GameView.swift */,
				5C5336242B91175000B335C1 /* StrikesRow.swift */,
				5C5336262B91191A00B335C1 /* StrikesRowView.swift */,
				5C53361C2B8EA36200B335C1 /* RowView.swift */,
				5C5336202B90431400B335C1 /* Game.swift */,
				5CE234232B8D4F3B00F6D80E /* Row.swift */,
				5CE234282B8D557D00F6D80E /* Box.swift */,
				5CE234182B8D4E9500F6D80E /* Assets.xcassets */,
				5CE2341A2B8D4E9500F6D80E /* Quixxi.entitlements */,
				5CE2341B2B8D4E9500F6D80E /* Preview Content */,
			);
			path = Quixxi;
			sourceTree = "<group>";
		};
		5CE2341B2B8D4E9500F6D80E /* Preview Content */ = {
			isa = PBXGroup;
			children = (
				5CE2341C2B8D4E9500F6D80E /* Preview Assets.xcassets */,
			);
			path = "Preview Content";
			sourceTree = "<group>";
		};
/* End PBXGroup section */

/* Begin PBXNativeTarget section */
		5CE2340E2B8D4E9300F6D80E /* Quixxi */ = {
			isa = PBXNativeTarget;
			buildConfigurationList = 5CE234202B8D4E9500F6D80E /* Build configuration list for PBXNativeTarget "Quixxi" */;
			buildPhases = (
				5CE2340B2B8D4E9300F6D80E /* Sources */,
				5CE2340C2B8D4E9300F6D80E /* Frameworks */,
				5CE2340D2B8D4E9300F6D80E /* Resources */,
			);
			buildRules = (
			);
			dependencies = (
			);
			name = Quixxi;
			packageProductDependencies = (
				5C5336292B91413C00B335C1 /* Pow */,
				5C8B69322BB4BC1500DCAED3 /* ComposableArchitecture */,
			);
			productName = Quixxi;
			productReference = 5CE2340F2B8D4E9300F6D80E /* Quixxi.app */;
			productType = "com.apple.product-type.application";
		};
/* End PBXNativeTarget section */

/* Begin PBXProject section */
		5CE234072B8D4E9300F6D80E /* Project object */ = {
			isa = PBXProject;
			attributes = {
				BuildIndependentTargetsInParallel = 1;
				LastSwiftUpdateCheck = 1520;
				LastUpgradeCheck = 1520;
				TargetAttributes = {
					5CE2340E2B8D4E9300F6D80E = {
						CreatedOnToolsVersion = 15.2;
					};
				};
			};
			buildConfigurationList = 5CE2340A2B8D4E9300F6D80E /* Build configuration list for PBXProject "Quixxi" */;
			compatibilityVersion = "Xcode 14.0";
			developmentRegion = en;
			hasScannedForEncodings = 0;
			knownRegions = (
				en,
				Base,
			);
			mainGroup = 5CE234062B8D4E9300F6D80E;
			packageReferences = (
				5C5336282B91413C00B335C1 /* XCRemoteSwiftPackageReference "Pow" */,
				5C8B69312BB4BC1500DCAED3 /* XCRemoteSwiftPackageReference "swift-composable-architecture" */,
			);
			productRefGroup = 5CE234102B8D4E9300F6D80E /* Products */;
			projectDirPath = "";
			projectRoot = "";
			targets = (
				5CE2340E2B8D4E9300F6D80E /* Quixxi */,
			);
		};
/* End PBXProject section */

/* Begin PBXResourcesBuildPhase section */
		5CE2340D2B8D4E9300F6D80E /* Resources */ = {
			isa = PBXResourcesBuildPhase;
			buildActionMask = 2147483647;
			files = (
				5CE2341D2B8D4E9500F6D80E /* Preview Assets.xcassets in Resources */,
				5CE234192B8D4E9500F6D80E /* Assets.xcassets in Resources */,
			);
			runOnlyForDeploymentPostprocessing = 0;
		};
/* End PBXResourcesBuildPhase section */

/* Begin PBXSourcesBuildPhase section */
		5CE2340B2B8D4E9300F6D80E /* Sources */ = {
			isa = PBXSourcesBuildPhase;
			buildActionMask = 2147483647;
			files = (
				5C5336252B91175000B335C1 /* StrikesRow.swift in Sources */,
				5C5336212B90431400B335C1 /* Game.swift in Sources */,
				5C53361D2B8EA36200B335C1 /* RowView.swift in Sources */,
				5C8B69352BBDD8C200DCAED3 /* UserDefaultsDependency.swift in Sources */,
				5CE234292B8D557D00F6D80E /* Box.swift in Sources */,
				5C5336272B91191A00B335C1 /* StrikesRowView.swift in Sources */,
				5CE234242B8D4F3B00F6D80E /* Row.swift in Sources */,
				5C8B69372BBDD94300DCAED3 /* UserDefaults+Specializations.swift in Sources */,
				5CE234132B8D4E9300F6D80E /* QuixxiApp.swift in Sources */,
				5C5336232B90F3F500B335C1 /* GameView.swift in Sources */,
			);
			runOnlyForDeploymentPostprocessing = 0;
		};
/* End PBXSourcesBuildPhase section */

/* Begin XCBuildConfiguration section */
		5CE2341E2B8D4E9500F6D80E /* Debug */ = {
			isa = XCBuildConfiguration;
			buildSettings = {
				ALWAYS_SEARCH_USER_PATHS = NO;
				ASSETCATALOG_COMPILER_GENERATE_SWIFT_ASSET_SYMBOL_EXTENSIONS = YES;
				CLANG_ANALYZER_NONNULL = YES;
				CLANG_ANALYZER_NUMBER_OBJECT_CONVERSION = YES_AGGRESSIVE;
				CLANG_CXX_LANGUAGE_STANDARD = "gnu++20";
				CLANG_ENABLE_MODULES = YES;
				CLANG_ENABLE_OBJC_ARC = YES;
				CLANG_ENABLE_OBJC_WEAK = YES;
				CLANG_WARN_BLOCK_CAPTURE_AUTORELEASING = YES;
				CLANG_WARN_BOOL_CONVERSION = YES;
				CLANG_WARN_COMMA = YES;
				CLANG_WARN_CONSTANT_CONVERSION = YES;
				CLANG_WARN_DEPRECATED_OBJC_IMPLEMENTATIONS = YES;
				CLANG_WARN_DIRECT_OBJC_ISA_USAGE = YES_ERROR;
				CLANG_WARN_DOCUMENTATION_COMMENTS = YES;
				CLANG_WARN_EMPTY_BODY = YES;
				CLANG_WARN_ENUM_CONVERSION = YES;
				CLANG_WARN_INFINITE_RECURSION = YES;
				CLANG_WARN_INT_CONVERSION = YES;
				CLANG_WARN_NON_LITERAL_NULL_CONVERSION = YES;
				CLANG_WARN_OBJC_IMPLICIT_RETAIN_SELF = YES;
				CLANG_WARN_OBJC_LITERAL_CONVERSION = YES;
				CLANG_WARN_OBJC_ROOT_CLASS = YES_ERROR;
				CLANG_WARN_QUOTED_INCLUDE_IN_FRAMEWORK_HEADER = YES;
				CLANG_WARN_RANGE_LOOP_ANALYSIS = YES;
				CLANG_WARN_STRICT_PROTOTYPES = YES;
				CLANG_WARN_SUSPICIOUS_MOVE = YES;
				CLANG_WARN_UNGUARDED_AVAILABILITY = YES_AGGRESSIVE;
				CLANG_WARN_UNREACHABLE_CODE = YES;
				CLANG_WARN__DUPLICATE_METHOD_MATCH = YES;
				COPY_PHASE_STRIP = NO;
				DEBUG_INFORMATION_FORMAT = dwarf;
				ENABLE_STRICT_OBJC_MSGSEND = YES;
				ENABLE_TESTABILITY = YES;
				ENABLE_USER_SCRIPT_SANDBOXING = YES;
				GCC_C_LANGUAGE_STANDARD = gnu17;
				GCC_DYNAMIC_NO_PIC = NO;
				GCC_NO_COMMON_BLOCKS = YES;
				GCC_OPTIMIZATION_LEVEL = 0;
				GCC_PREPROCESSOR_DEFINITIONS = (
					"DEBUG=1",
					"$(inherited)",
				);
				GCC_WARN_64_TO_32_BIT_CONVERSION = YES;
				GCC_WARN_ABOUT_RETURN_TYPE = YES_ERROR;
				GCC_WARN_UNDECLARED_SELECTOR = YES;
				GCC_WARN_UNINITIALIZED_AUTOS = YES_AGGRESSIVE;
				GCC_WARN_UNUSED_FUNCTION = YES;
				GCC_WARN_UNUSED_VARIABLE = YES;
				LOCALIZATION_PREFERS_STRING_CATALOGS = YES;
				MTL_ENABLE_DEBUG_INFO = INCLUDE_SOURCE;
				MTL_FAST_MATH = YES;
				ONLY_ACTIVE_ARCH = YES;
				SWIFT_ACTIVE_COMPILATION_CONDITIONS = "DEBUG $(inherited)";
				SWIFT_OPTIMIZATION_LEVEL = "-Onone";
			};
			name = Debug;
		};
		5CE2341F2B8D4E9500F6D80E /* Release */ = {
			isa = XCBuildConfiguration;
			buildSettings = {
				ALWAYS_SEARCH_USER_PATHS = NO;
				ASSETCATALOG_COMPILER_GENERATE_SWIFT_ASSET_SYMBOL_EXTENSIONS = YES;
				CLANG_ANALYZER_NONNULL = YES;
				CLANG_ANALYZER_NUMBER_OBJECT_CONVERSION = YES_AGGRESSIVE;
				CLANG_CXX_LANGUAGE_STANDARD = "gnu++20";
				CLANG_ENABLE_MODULES = YES;
				CLANG_ENABLE_OBJC_ARC = YES;
				CLANG_ENABLE_OBJC_WEAK = YES;
				CLANG_WARN_BLOCK_CAPTURE_AUTORELEASING = YES;
				CLANG_WARN_BOOL_CONVERSION = YES;
				CLANG_WARN_COMMA = YES;
				CLANG_WARN_CONSTANT_CONVERSION = YES;
				CLANG_WARN_DEPRECATED_OBJC_IMPLEMENTATIONS = YES;
				CLANG_WARN_DIRECT_OBJC_ISA_USAGE = YES_ERROR;
				CLANG_WARN_DOCUMENTATION_COMMENTS = YES;
				CLANG_WARN_EMPTY_BODY = YES;
				CLANG_WARN_ENUM_CONVERSION = YES;
				CLANG_WARN_INFINITE_RECURSION = YES;
				CLANG_WARN_INT_CONVERSION = YES;
				CLANG_WARN_NON_LITERAL_NULL_CONVERSION = YES;
				CLANG_WARN_OBJC_IMPLICIT_RETAIN_SELF = YES;
				CLANG_WARN_OBJC_LITERAL_CONVERSION = YES;
				CLANG_WARN_OBJC_ROOT_CLASS = YES_ERROR;
				CLANG_WARN_QUOTED_INCLUDE_IN_FRAMEWORK_HEADER = YES;
				CLANG_WARN_RANGE_LOOP_ANALYSIS = YES;
				CLANG_WARN_STRICT_PROTOTYPES = YES;
				CLANG_WARN_SUSPICIOUS_MOVE = YES;
				CLANG_WARN_UNGUARDED_AVAILABILITY = YES_AGGRESSIVE;
				CLANG_WARN_UNREACHABLE_CODE = YES;
				CLANG_WARN__DUPLICATE_METHOD_MATCH = YES;
				COPY_PHASE_STRIP = NO;
				DEBUG_INFORMATION_FORMAT = "dwarf-with-dsym";
				ENABLE_NS_ASSERTIONS = NO;
				ENABLE_STRICT_OBJC_MSGSEND = YES;
				ENABLE_USER_SCRIPT_SANDBOXING = YES;
				GCC_C_LANGUAGE_STANDARD = gnu17;
				GCC_NO_COMMON_BLOCKS = YES;
				GCC_WARN_64_TO_32_BIT_CONVERSION = YES;
				GCC_WARN_ABOUT_RETURN_TYPE = YES_ERROR;
				GCC_WARN_UNDECLARED_SELECTOR = YES;
				GCC_WARN_UNINITIALIZED_AUTOS = YES_AGGRESSIVE;
				GCC_WARN_UNUSED_FUNCTION = YES;
				GCC_WARN_UNUSED_VARIABLE = YES;
				LOCALIZATION_PREFERS_STRING_CATALOGS = YES;
				MTL_ENABLE_DEBUG_INFO = NO;
				MTL_FAST_MATH = YES;
				SWIFT_COMPILATION_MODE = wholemodule;
			};
			name = Release;
		};
		5CE234212B8D4E9500F6D80E /* Debug */ = {
			isa = XCBuildConfiguration;
			buildSettings = {
				ASSETCATALOG_COMPILER_APPICON_NAME = AppIcon;
				ASSETCATALOG_COMPILER_GLOBAL_ACCENT_COLOR_NAME = AccentColor;
				CODE_SIGN_ENTITLEMENTS = Quixxi/Quixxi.entitlements;
				CODE_SIGN_STYLE = Automatic;
				CURRENT_PROJECT_VERSION = 4;
				DEVELOPMENT_ASSET_PATHS = "\"Quixxi/Preview Content\"";
				DEVELOPMENT_TEAM = V95KUS67FZ;
				ENABLE_HARDENED_RUNTIME = YES;
				ENABLE_PREVIEWS = YES;
				GENERATE_INFOPLIST_FILE = YES;
				INFOPLIST_FILE = Quixxi/Info.plist;
				INFOPLIST_KEY_CFBundleDisplayName = Qwixxi;
				"INFOPLIST_KEY_UIApplicationSceneManifest_Generation[sdk=iphoneos*]" = YES;
				"INFOPLIST_KEY_UIApplicationSceneManifest_Generation[sdk=iphonesimulator*]" = YES;
				"INFOPLIST_KEY_UIApplicationSupportsIndirectInputEvents[sdk=iphoneos*]" = YES;
				"INFOPLIST_KEY_UIApplicationSupportsIndirectInputEvents[sdk=iphonesimulator*]" = YES;
				"INFOPLIST_KEY_UILaunchScreen_Generation[sdk=iphoneos*]" = YES;
				"INFOPLIST_KEY_UILaunchScreen_Generation[sdk=iphonesimulator*]" = YES;
				INFOPLIST_KEY_UIRequiresFullScreen = YES;
				"INFOPLIST_KEY_UIStatusBarStyle[sdk=iphoneos*]" = UIStatusBarStyleDefault;
				"INFOPLIST_KEY_UIStatusBarStyle[sdk=iphonesimulator*]" = UIStatusBarStyleDefault;
				INFOPLIST_KEY_UISupportedInterfaceOrientations = "UIInterfaceOrientationLandscapeLeft UIInterfaceOrientationLandscapeRight";
				IPHONEOS_DEPLOYMENT_TARGET = 17.0;
				LD_RUNPATH_SEARCH_PATHS = "@executable_path/Frameworks";
				"LD_RUNPATH_SEARCH_PATHS[sdk=macosx*]" = "@executable_path/../Frameworks";
				MACOSX_DEPLOYMENT_TARGET = 14.0;
				MARKETING_VERSION = 1.0;
				PRODUCT_BUNDLE_IDENTIFIER = com.zcjhnsn.Quixxi;
				PRODUCT_NAME = "$(TARGET_NAME)";
				SDKROOT = auto;
				SUPPORTED_PLATFORMS = "iphoneos iphonesimulator";
				SUPPORTS_MACCATALYST = NO;
				SWIFT_EMIT_LOC_STRINGS = YES;
				SWIFT_VERSION = 5.0;
				TARGETED_DEVICE_FAMILY = "1,2";
			};
			name = Debug;
		};
		5CE234222B8D4E9500F6D80E /* Release */ = {
			isa = XCBuildConfiguration;
			buildSettings = {
				ASSETCATALOG_COMPILER_APPICON_NAME = AppIcon;
				ASSETCATALOG_COMPILER_GLOBAL_ACCENT_COLOR_NAME = AccentColor;
				CODE_SIGN_ENTITLEMENTS = Quixxi/Quixxi.entitlements;
				CODE_SIGN_STYLE = Automatic;
				CURRENT_PROJECT_VERSION = 4;
				DEVELOPMENT_ASSET_PATHS = "\"Quixxi/Preview Content\"";
				DEVELOPMENT_TEAM = V95KUS67FZ;
				ENABLE_HARDENED_RUNTIME = YES;
				ENABLE_PREVIEWS = YES;
				GENERATE_INFOPLIST_FILE = YES;
				INFOPLIST_FILE = Quixxi/Info.plist;
				INFOPLIST_KEY_CFBundleDisplayName = Qwixxi;
				"INFOPLIST_KEY_UIApplicationSceneManifest_Generation[sdk=iphoneos*]" = YES;
				"INFOPLIST_KEY_UIApplicationSceneManifest_Generation[sdk=iphonesimulator*]" = YES;
				"INFOPLIST_KEY_UIApplicationSupportsIndirectInputEvents[sdk=iphoneos*]" = YES;
				"INFOPLIST_KEY_UIApplicationSupportsIndirectInputEvents[sdk=iphonesimulator*]" = YES;
				"INFOPLIST_KEY_UILaunchScreen_Generation[sdk=iphoneos*]" = YES;
				"INFOPLIST_KEY_UILaunchScreen_Generation[sdk=iphonesimulator*]" = YES;
				INFOPLIST_KEY_UIRequiresFullScreen = YES;
				"INFOPLIST_KEY_UIStatusBarStyle[sdk=iphoneos*]" = UIStatusBarStyleDefault;
				"INFOPLIST_KEY_UIStatusBarStyle[sdk=iphonesimulator*]" = UIStatusBarStyleDefault;
				INFOPLIST_KEY_UISupportedInterfaceOrientations = "UIInterfaceOrientationLandscapeLeft UIInterfaceOrientationLandscapeRight";
				IPHONEOS_DEPLOYMENT_TARGET = 17.0;
				LD_RUNPATH_SEARCH_PATHS = "@executable_path/Frameworks";
				"LD_RUNPATH_SEARCH_PATHS[sdk=macosx*]" = "@executable_path/../Frameworks";
				MACOSX_DEPLOYMENT_TARGET = 14.0;
				MARKETING_VERSION = 1.0;
				PRODUCT_BUNDLE_IDENTIFIER = com.zcjhnsn.Quixxi;
				PRODUCT_NAME = "$(TARGET_NAME)";
				SDKROOT = auto;
				SUPPORTED_PLATFORMS = "iphoneos iphonesimulator";
				SUPPORTS_MACCATALYST = NO;
				SWIFT_EMIT_LOC_STRINGS = YES;
				SWIFT_VERSION = 5.0;
				TARGETED_DEVICE_FAMILY = "1,2";
			};
			name = Release;
		};
/* End XCBuildConfiguration section */

/* Begin XCConfigurationList section */
		5CE2340A2B8D4E9300F6D80E /* Build configuration list for PBXProject "Quixxi" */ = {
			isa = XCConfigurationList;
			buildConfigurations = (
				5CE2341E2B8D4E9500F6D80E /* Debug */,
				5CE2341F2B8D4E9500F6D80E /* Release */,
			);
			defaultConfigurationIsVisible = 0;
			defaultConfigurationName = Release;
		};
		5CE234202B8D4E9500F6D80E /* Build configuration list for PBXNativeTarget "Quixxi" */ = {
			isa = XCConfigurationList;
			buildConfigurations = (
				5CE234212B8D4E9500F6D80E /* Debug */,
				5CE234222B8D4E9500F6D80E /* Release */,
			);
			defaultConfigurationIsVisible = 0;
			defaultConfigurationName = Release;
		};
/* End XCConfigurationList section */

/* Begin XCRemoteSwiftPackageReference section */
		5C5336282B91413C00B335C1 /* XCRemoteSwiftPackageReference "Pow" */ = {
			isa = XCRemoteSwiftPackageReference;
			repositoryURL = "https://github.com/EmergeTools/Pow";
			requirement = {
				kind = upToNextMajorVersion;
				minimumVersion = 1.0.3;
			};
		};
		5C8B69312BB4BC1500DCAED3 /* XCRemoteSwiftPackageReference "swift-composable-architecture" */ = {
			isa = XCRemoteSwiftPackageReference;
			repositoryURL = "https://github.com/pointfreeco/swift-composable-architecture";
			requirement = {
				kind = upToNextMajorVersion;
				minimumVersion = 1.9.2;
			};
		};
/* End XCRemoteSwiftPackageReference section */

/* Begin XCSwiftPackageProductDependency section */
		5C5336292B91413C00B335C1 /* Pow */ = {
			isa = XCSwiftPackageProductDependency;
			package = 5C5336282B91413C00B335C1 /* XCRemoteSwiftPackageReference "Pow" */;
			productName = Pow;
		};
		5C8B69322BB4BC1500DCAED3 /* ComposableArchitecture */ = {
			isa = XCSwiftPackageProductDependency;
			package = 5C8B69312BB4BC1500DCAED3 /* XCRemoteSwiftPackageReference "swift-composable-architecture" */;
			productName = ComposableArchitecture;
		};
/* End XCSwiftPackageProductDependency section */
	};
	rootObject = 5CE234072B8D4E9300F6D80E /* Project object */;
}
